
Microsoft Visual Studio Solution File, Format Version 12.00
# Visual Studio Version 16
VisualStudioVersion = 16.0.30114.105
MinimumVisualStudioVersion = 10.0.40219.1
Project("{2150E333-8FDC-42A3-9474-1A3956D46DE8}") = "src", "src", "{DC8224F2-ABEE-463E-9361-018508596805}"
EndProject
Project("{FAE04EC0-301F-11D3-BF4B-00C04F79EFBC}") = "OmniDebug.Core", "src\OmniDebug.Core\OmniDebug.Core.csproj", "{700FE1A1-CACD-4A8C-9631-488DA6F52037}"
EndProject
Project("{FAE04EC0-301F-11D3-BF4B-00C04F79EFBC}") = "omnidebug", "src\omnidebug\omnidebug.csproj", "{78EA72B7-960B-4E56-8A1A-0F0ABF8C3E21}"
EndProject
Project("{2150E333-8FDC-42A3-9474-1A3956D46DE8}") = "tests", "tests", "{7A748A28-E3EB-4573-A7A1-50FDE89A2A0D}"
EndProject
Project("{FAE04EC0-301F-11D3-BF4B-00C04F79EFBC}") = "OmniDebug.Core.Tests", "tests\OmniDebug.Core.Tests\OmniDebug.Core.Tests.csproj", "{1D55A419-120E-4AAD-99D1-DAD5D79A6BE8}"
EndProject
Project("{2150E333-8FDC-42A3-9474-1A3956D46DE8}") = "root", "root", "{B893AB2F-7E34-499C-B0BD-C68F5B5AED08}"
EndProject
Project("{FAE04EC0-301F-11D3-BF4B-00C04F79EFBC}") = "omnidebug.Tests", "tests\omnidebug.Tests\omnidebug.Tests.csproj", "{BD8F859B-1CF4-456E-A7CA-5E5B8CD406D3}"
EndProject
Project("{2150E333-8FDC-42A3-9474-1A3956D46DE8}") = "debuggees", "debuggees", "{CCAB0C25-5957-4EE0-9CBA-8DDDB7EB5188}"
EndProject
Project("{FAE04EC0-301F-11D3-BF4B-00C04F79EFBC}") = "SimpleWeb", "debuggees\SimpleWeb\SimpleWeb.csproj", "{8F855A28-D99D-4B4C-A08A-AFB324A3610C}"
EndProject
Global
	GlobalSection(SolutionConfigurationPlatforms) = preSolution
		Debug|Any CPU = Debug|Any CPU
		Release|Any CPU = Release|Any CPU
	EndGlobalSection
	GlobalSection(SolutionProperties) = preSolution
		HideSolutionNode = FALSE
	EndGlobalSection
	GlobalSection(ProjectConfigurationPlatforms) = postSolution
		{700FE1A1-CACD-4A8C-9631-488DA6F52037}.Debug|Any CPU.ActiveCfg = Debug|Any CPU
		{700FE1A1-CACD-4A8C-9631-488DA6F52037}.Debug|Any CPU.Build.0 = Debug|Any CPU
		{700FE1A1-CACD-4A8C-9631-488DA6F52037}.Release|Any CPU.ActiveCfg = Release|Any CPU
		{700FE1A1-CACD-4A8C-9631-488DA6F52037}.Release|Any CPU.Build.0 = Release|Any CPU
		{78EA72B7-960B-4E56-8A1A-0F0ABF8C3E21}.Debug|Any CPU.ActiveCfg = Debug|Any CPU
		{78EA72B7-960B-4E56-8A1A-0F0ABF8C3E21}.Debug|Any CPU.Build.0 = Debug|Any CPU
		{78EA72B7-960B-4E56-8A1A-0F0ABF8C3E21}.Release|Any CPU.ActiveCfg = Release|Any CPU
		{78EA72B7-960B-4E56-8A1A-0F0ABF8C3E21}.Release|Any CPU.Build.0 = Release|Any CPU
		{1D55A419-120E-4AAD-99D1-DAD5D79A6BE8}.Debug|Any CPU.ActiveCfg = Debug|Any CPU
		{1D55A419-120E-4AAD-99D1-DAD5D79A6BE8}.Debug|Any CPU.Build.0 = Debug|Any CPU
		{1D55A419-120E-4AAD-99D1-DAD5D79A6BE8}.Release|Any CPU.ActiveCfg = Release|Any CPU
		{1D55A419-120E-4AAD-99D1-DAD5D79A6BE8}.Release|Any CPU.Build.0 = Release|Any CPU
		{BD8F859B-1CF4-456E-A7CA-5E5B8CD406D3}.Debug|Any CPU.ActiveCfg = Debug|Any CPU
		{BD8F859B-1CF4-456E-A7CA-5E5B8CD406D3}.Debug|Any CPU.Build.0 = Debug|Any CPU
		{BD8F859B-1CF4-456E-A7CA-5E5B8CD406D3}.Release|Any CPU.ActiveCfg = Release|Any CPU
		{BD8F859B-1CF4-456E-A7CA-5E5B8CD406D3}.Release|Any CPU.Build.0 = Release|Any CPU
		{8F855A28-D99D-4B4C-A08A-AFB324A3610C}.Debug|Any CPU.ActiveCfg = Debug|Any CPU
		{8F855A28-D99D-4B4C-A08A-AFB324A3610C}.Debug|Any CPU.Build.0 = Debug|Any CPU
		{8F855A28-D99D-4B4C-A08A-AFB324A3610C}.Release|Any CPU.ActiveCfg = Release|Any CPU
		{8F855A28-D99D-4B4C-A08A-AFB324A3610C}.Release|Any CPU.Build.0 = Release|Any CPU
	EndGlobalSection
	GlobalSection(NestedProjects) = preSolution
		{700FE1A1-CACD-4A8C-9631-488DA6F52037} = {DC8224F2-ABEE-463E-9361-018508596805}
		{78EA72B7-960B-4E56-8A1A-0F0ABF8C3E21} = {DC8224F2-ABEE-463E-9361-018508596805}
		{1D55A419-120E-4AAD-99D1-DAD5D79A6BE8} = {7A748A28-E3EB-4573-A7A1-50FDE89A2A0D}
		{BD8F859B-1CF4-456E-A7CA-5E5B8CD406D3} = {7A748A28-E3EB-4573-A7A1-50FDE89A2A0D}
		{8F855A28-D99D-4B4C-A08A-AFB324A3610C} = {CCAB0C25-5957-4EE0-9CBA-8DDDB7EB5188}
	EndGlobalSection
EndGlobal
